
Microsoft Visual Studio Solution File, Format Version 12.00
# Visual Studio Version 17
VisualStudioVersion = 17.9.34723.18
MinimumVisualStudioVersion = 10.0.40219.1
Project("{FAE04EC0-301F-11D3-BF4B-00C04F79EFBC}") = "WebShop", "WebShop.csproj", "{A092F8C0-55F4-4C4C-8F38-EBE880486AD8}"
EndProject
Global
	GlobalSection(SolutionConfigurationPlatforms) = preSolution
		Debug|Any CPU = Debug|Any CPU
		Release|Any CPU = Release|Any CPU
	EndGlobalSection
	GlobalSection(ProjectConfigurationPlatforms) = postSolution
		{A092F8C0-55F4-4C4C-8F38-EBE880486AD8}.Debug|Any CPU.ActiveCfg = Debug|Any CPU
		{A092F8C0-55F4-4C4C-8F38-EBE880486AD8}.Debug|Any CPU.Build.0 = Debug|Any CPU
		{A092F8C0-55F4-4C4C-8F38-EBE880486AD8}.Release|Any CPU.ActiveCfg = Release|Any CPU
		{A092F8C0-55F4-4C4C-8F38-EBE880486AD8}.Release|Any CPU.Build.0 = Release|Any CPU
	EndGlobalSection
	GlobalSection(SolutionProperties) = preSolution
		HideSolutionNode = FALSE
	EndGlobalSection
	GlobalSection(ExtensibilityGlobals) = postSolution
		SolutionGuid = {471BE130-9C73-47D5-B6B8-CA074DB9EDC7}
	EndGlobalSection
EndGlobal
